lockfileVersion: 5.4

specifiers:
  '@types/node': ^18.0.3
  '@types/react': ^18.0.15
  '@types/react-dom': ^18.0.6
  next: ^12.2.0
  react: ^18.2.0
  react-dom: ^18.2.0
  typescript: ^4.7.4

dependencies:
  next: 12.2.0_biqbaboplfbrettd7655fr4n2y
  react: 18.2.0
  react-dom: 18.2.0_react@18.2.0

devDependencies:
  '@types/node': 18.0.3
  '@types/react': 18.0.15
  '@types/react-dom': 18.0.6
  typescript: 4.7.4

packages:

  /@next/env/12.2.0:
    resolution: {integrity: sha512-/FCkDpL/8SodJEXvx/DYNlOD5ijTtkozf4PPulYPtkPOJaMPpBSOkzmsta4fnrnbdH6eZjbwbiXFdr6gSQCV4w==}
    dev: false

  /@next/swc-android-arm-eabi/12.2.0:
    resolution: {integrity: sha512-hbneH8DNRB2x0Nf5fPCYoL8a0osvdTCe4pvOc9Rv5CpDsoOlf8BWBs2OWpeP0U2BktGvIsuUhmISmdYYGyrvTw==}
    engines: {node: '>= 10'}
    cpu: [arm]
    os: [android]
    requiresBuild: true
    dev: false
    optional: true

  /@next/swc-android-arm64/12.2.0:
    resolution: {integrity: sha512-1eEk91JHjczcJomxJ8X0XaUeNcp5Lx1U2Ic7j15ouJ83oRX+3GIslOuabW2oPkSgXbHkThMClhirKpvG98kwZg==}
    engines: {node: '>= 10'}
    cpu: [arm64]
    os: [android]
    requiresBuild: true
    dev: false
    optional: true

  /@next/swc-darwin-arm64/12.2.0:
    resolution: {integrity: sha512-x5U5gJd7ZvrEtTFnBld9O2bUlX8opu7mIQUqRzj7KeWzBwPhrIzTTsQXAiNqsaMuaRPvyHBVW/5d/6g6+89Y8g==}
    engines: {node: '>= 10'}
    cpu: [arm64]
    os: [darwin]
    requiresBuild: true
    dev: false
    optional: true

  /@next/swc-darwin-x64/12.2.0:
    resolution: {integrity: sha512-iwMNFsrAPjfedjKDv9AXPAV16PWIomP3qw/FfPaxkDVRbUls7BNdofBLzkQmqxqWh93WrawLwaqyXpJuAaiwJA==}
    engines: {node: '>= 10'}
    cpu: [x64]
    os: [darwin]
    requiresBuild: true
    dev: false
    optional: true

  /@next/swc-freebsd-x64/12.2.0:
    resolution: {integrity: sha512-gRiAw8g3Akf6niTDLEm1Emfa7jXDjvaAj/crDO8hKASKA4Y1fS4kbi/tyWw5VtoFI4mUzRmCPmZ8eL0tBSG58A==}
    engines: {node: '>= 10'}
    cpu: [x64]
    os: [freebsd]
    requiresBuild: true
    dev: false
    optional: true

  /@next/swc-linux-arm-gnueabihf/12.2.0:
    resolution: {integrity: sha512-/TJZkxaIpeEwnXh6A40trgwd40C5+LJroLUOEQwMOJdavLl62PjCA6dGl1pgooWLCIb5YdBQ0EG4ylzvLwS2+Q==}
    engines: {node: '>= 10'}
    cpu: [arm]
    os: [linux]
    requiresBuild: true
    dev: false
    optional: true

  /@next/swc-linux-arm64-gnu/12.2.0:
    resolution: {integrity: sha512-++WAB4ElXCSOKG9H8r4ENF8EaV+w0QkrpjehmryFkQXmt5juVXz+nKDVlCRMwJU7A1O0Mie82XyEoOrf6Np1pA==}
    engines: {node: '>= 10'}
    cpu: [arm64]
    os: [linux]
    requiresBuild: true
    dev: false
    optional: true

  /@next/swc-linux-arm64-musl/12.2.0:
    resolution: {integrity: sha512-XrqkHi/VglEn5zs2CYK6ofJGQySrd+Lr4YdmfJ7IhsCnMKkQY1ma9Hv5THwhZVof3e+6oFHrQ9bWrw9K4WTjFA==}
    engines: {node: '>= 10'}
    cpu: [arm64]
    os: [linux]
    requiresBuild: true
    dev: false
    optional: true

  /@next/swc-linux-x64-gnu/12.2.0:
    resolution: {integrity: sha512-MyhHbAKVjpn065WzRbqpLu2krj4kHLi6RITQdD1ee+uxq9r2yg5Qe02l24NxKW+1/lkmpusl4Y5Lks7rBiJn4w==}
    engines: {node: '>= 10'}
    cpu: [x64]
    os: [linux]
    requiresBuild: true
    dev: false
    optional: true

  /@next/swc-linux-x64-musl/12.2.0:
    resolution: {integrity: sha512-Tz1tJZ5egE0S/UqCd5V6ZPJsdSzv/8aa7FkwFmIJ9neLS8/00za+OY5pq470iZQbPrkTwpKzmfTTIPRVD5iqDg==}
    engines: {node: '>= 10'}
    cpu: [x64]
    os: [linux]
    requiresBuild: true
    dev: false
    optional: true

  /@next/swc-win32-arm64-msvc/12.2.0:
    resolution: {integrity: sha512-0iRO/CPMCdCYUzuH6wXLnsfJX1ykBX4emOOvH0qIgtiZM0nVYbF8lkEyY2ph4XcsurpinS+ziWuYCXVqrOSqiw==}
    engines: {node: '>= 10'}
    cpu: [arm64]
    os: [win32]
    requiresBuild: true
    dev: false
    optional: true

  /@next/swc-win32-ia32-msvc/12.2.0:
    resolution: {integrity: sha512-8A26RJVcJHwIKm8xo/qk2ePRquJ6WCI2keV2qOW/Qm+ZXrPXHMIWPYABae/nKN243YFBNyPiHytjX37VrcpUhg==}
    engines: {node: '>= 10'}
    cpu: [ia32]
    os: [win32]
    requiresBuild: true
    dev: false
    optional: true

  /@next/swc-win32-x64-msvc/12.2.0:
    resolution: {integrity: sha512-OI14ozFLThEV3ey6jE47zrzSTV/6eIMsvbwozo+XfdWqOPwQ7X00YkRx4GVMKMC0rM44oGS2gmwMKYpe4EblnA==}
    engines: {node: '>= 10'}
    cpu: [x64]
    os: [win32]
    requiresBuild: true
    dev: false
    optional: true

  /@swc/helpers/0.4.2:
    resolution: {integrity: sha512-556Az0VX7WR6UdoTn4htt/l3zPQ7bsQWK+HqdG4swV7beUCxo/BqmvbOpUkTIm/9ih86LIf1qsUnywNL3obGHw==}
    dependencies:
      tslib: 2.4.0
    dev: false

  /@types/node/18.0.3:
    resolution: {integrity: sha512-HzNRZtp4eepNitP+BD6k2L6DROIDG4Q0fm4x+dwfsr6LGmROENnok75VGw40628xf+iR24WeMFcHuuBDUAzzsQ==}
    dev: true

  /@types/prop-types/15.7.5:
    resolution: {integrity: sha512-JCB8C6SnDoQf0cNycqd/35A7MjcnK+ZTqE7judS6o7utxUCg6imJg3QK2qzHKszlTjcj2cn+NwMB2i96ubpj7w==}
    dev: true

  /@types/react-dom/18.0.6:
    resolution: {integrity: sha512-/5OFZgfIPSwy+YuIBP/FgJnQnsxhZhjjrnxudMddeblOouIodEQ75X14Rr4wGSG/bknL+Omy9iWlLo1u/9GzAA==}
    dependencies:
      '@types/react': 18.0.15
    dev: true

  /@types/react/18.0.15:
    resolution: {integrity: sha512-iz3BtLuIYH1uWdsv6wXYdhozhqj20oD4/Hk2DNXIn1kFsmp9x8d9QB6FnPhfkbhd2PgEONt9Q1x/ebkwjfFLow==}
    dependencies:
      '@types/prop-types': 15.7.5
      '@types/scheduler': 0.16.2
      csstype: 3.1.0
    dev: true

  /@types/scheduler/0.16.2:
    resolution: {integrity: sha512-hppQEBDmlwhFAXKJX2KnWLYu5yMfi91yazPb2l+lbJiwW+wdo1gNeRA+3RgNSO39WYX2euey41KEwnqesU2Jew==}
    dev: true

  /caniuse-lite/1.0.30001363:
    resolution: {integrity: sha512-HpQhpzTGGPVMnCjIomjt+jvyUu8vNFo3TaDiZ/RcoTrlOq/5+tC8zHdsbgFB6MxmaY+jCpsH09aD80Bb4Ow3Sg==}
    dev: false

  /csstype/3.1.0:
    resolution: {integrity: sha512-uX1KG+x9h5hIJsaKR9xHUeUraxf8IODOwq9JLNPq6BwB04a/xgpq3rcx47l5BZu5zBPlgD342tdke3Hom/nJRA==}
    dev: true

  /js-tokens/4.0.0:
    resolution: {integrity: sha512-RdJUflcE3cUzKiMqQgsCu06FPu9UdIJO0beYbPhHN4k6apgJtifcoCtT9bcxOpYBtpD2kCM6Sbzg4CausW/PKQ==}
    dev: false

  /loose-envify/1.4.0:
    resolution: {integrity: sha512-lyuxPGr/Wfhrlem2CL/UcnUc1zcqKAImBDzukY7Y5F/yQiNdko6+fRLevlw1HgMySw7f611UIY408EtxRSoK3Q==}
    hasBin: true
    dependencies:
      js-tokens: 4.0.0
    dev: false

  /nanoid/3.3.4:
    resolution: {integrity: sha512-MqBkQh/OHTS2egovRtLk45wEyNXwF+cokD+1YPf9u5VfJiRdAiRwB2froX5Co9Rh20xs4siNPm8naNotSD6RBw==}
    engines: {node: ^10 || ^12 || ^13.7 || ^14 || >=15.0.1}
    hasBin: true
    dev: false

  /next/12.2.0_biqbaboplfbrettd7655fr4n2y:
    resolution: {integrity: sha512-B4j7D3SHYopLYx6/Ark0fenwIar9tEaZZFAaxmKjgcMMexhVJzB3jt7X+6wcdXPPMeUD6r09weUtnDpjox/vIA==}
    engines: {node: '>=12.22.0'}
    hasBin: true
    peerDependencies:
      fibers: '>= 3.1.0'
      node-sass: ^6.0.0 || ^7.0.0
      react: ^17.0.2 || ^18.0.0-0
      react-dom: ^17.0.2 || ^18.0.0-0
      sass: ^1.3.0
    peerDependenciesMeta:
      fibers:
        optional: true
      node-sass:
        optional: true
      sass:
        optional: true
    dependencies:
      '@next/env': 12.2.0
      '@swc/helpers': 0.4.2
      caniuse-lite: 1.0.30001363
      postcss: 8.4.5
      react: 18.2.0
      react-dom: 18.2.0_react@18.2.0
      styled-jsx: 5.0.2_react@18.2.0
      use-sync-external-store: 1.1.0_react@18.2.0
    optionalDependencies:
      '@next/swc-android-arm-eabi': 12.2.0
      '@next/swc-android-arm64': 12.2.0
      '@next/swc-darwin-arm64': 12.2.0
      '@next/swc-darwin-x64': 12.2.0
      '@next/swc-freebsd-x64': 12.2.0
      '@next/swc-linux-arm-gnueabihf': 12.2.0
      '@next/swc-linux-arm64-gnu': 12.2.0
      '@next/swc-linux-arm64-musl': 12.2.0
      '@next/swc-linux-x64-gnu': 12.2.0
      '@next/swc-linux-x64-musl': 12.2.0
      '@next/swc-win32-arm64-msvc': 12.2.0
      '@next/swc-win32-ia32-msvc': 12.2.0
      '@next/swc-win32-x64-msvc': 12.2.0
    transitivePeerDependencies:
      - '@babel/core'
      - babel-plugin-macros
    dev: false

  /picocolors/1.0.0:
    resolution: {integrity: sha512-1fygroTLlHu66zi26VoTDv8yRgm0Fccecssto+MhsZ0D/DGW2sm8E8AjW7NU5VVTRt5GxbeZ5qBuJr+HyLYkjQ==}
    dev: false

  /postcss/8.4.5:
    resolution: {integrity: sha512-jBDboWM8qpaqwkMwItqTQTiFikhs/67OYVvblFFTM7MrZjt6yMKd6r2kgXizEbTTljacm4NldIlZnhbjr84QYg==}
    engines: {node: ^10 || ^12 || >=14}
    dependencies:
      nanoid: 3.3.4
      picocolors: 1.0.0
      source-map-js: 1.0.2
    dev: false

  /react-dom/18.2.0_react@18.2.0:
    resolution: {integrity: sha512-6IMTriUmvsjHUjNtEDudZfuDQUoWXVxKHhlEGSk81n4YFS+r/Kl99wXiwlVXtPBtJenozv2P+hxDsw9eA7Xo6g==}
    peerDependencies:
      react: ^18.2.0
    dependencies:
      loose-envify: 1.4.0
      react: 18.2.0
      scheduler: 0.23.0
    dev: false

  /react/18.2.0:
    resolution: {integrity: sha512-/3IjMdb2L9QbBdWiW5e3P2/npwMBaU9mHCSCUzNln0ZCYbcfTsGbTJrU/kGemdH2IWmB2ioZ+zkxtmq6g09fGQ==}
    engines: {node: '>=0.10.0'}
    dependencies:
      loose-envify: 1.4.0
    dev: false

  /scheduler/0.23.0:
    resolution: {integrity: sha512-CtuThmgHNg7zIZWAXi3AsyIzA3n4xx7aNyjwC2VJldO2LMVDhFK+63xGqq6CsJH4rTAt6/M+N4GhZiDYPx9eUw==}
    dependencies:
      loose-envify: 1.4.0
    dev: false

  /source-map-js/1.0.2:
    resolution: {integrity: sha512-R0XvVJ9WusLiqTCEiGCmICCMplcCkIwwR11mOSD9CR5u+IXYdiseeEuXCVAjS54zqwkLcPNnmU4OeJ6tUrWhDw==}
    engines: {node: '>=0.10.0'}
    dev: false

  /styled-jsx/5.0.2_react@18.2.0:
    resolution: {integrity: sha512-LqPQrbBh3egD57NBcHET4qcgshPks+yblyhPlH2GY8oaDgKs8SK4C3dBh3oSJjgzJ3G5t1SYEZGHkP+QEpX9EQ==}
    engines: {node: '>= 12.0.0'}
    peerDependencies:
      '@babel/core': '*'
      babel-plugin-macros: '*'
      react: '>= 16.8.0 || 17.x.x || ^18.0.0-0'
    peerDependenciesMeta:
      '@babel/core':
        optional: true
      babel-plugin-macros:
        optional: true
    dependencies:
      react: 18.2.0
    dev: false

  /tslib/2.4.0:
    resolution: {integrity: sha512-d6xOpEDfsi2CZVlPQzGeux8XMwLT9hssAsaPYExaQMuYskwb+x1x7J371tWlbBdWHroy99KnVB6qIkUbs5X3UQ==}
    dev: false

  /typescript/4.7.4:
    resolution: {integrity: sha512-C0WQT0gezHuw6AdY1M2jxUO83Rjf0HP7Sk1DtXj6j1EwkQNZrHAg2XPWlq62oqEhYvONq5pkC2Y9oPljWToLmQ==}
    engines: {node: '>=4.2.0'}
    hasBin: true
    dev: true

  /use-sync-external-store/1.1.0_react@18.2.0:
    resolution: {integrity: sha512-SEnieB2FPKEVne66NpXPd1Np4R1lTNKfjuy3XdIoPQKYBAFdzbzSZlSn1KJZUiihQLQC5Znot4SBz1EOTBwQAQ==}
    peerDependencies:
      react: ^16.8.0 || ^17.0.0 || ^18.0.0
    dependencies:
      react: 18.2.0
    dev: false
