
Microsoft Visual Studio Solution File, Format Version 12.00
Project("{FAE04EC0-301F-11D3-BF4B-00C04F79EFBC}") = "project-alfred", "project-alfred.csproj", "{68A453A4-92E2-418B-8FF5-B61D69FDEE17}"
EndProject
Global
	GlobalSection(SolutionConfigurationPlatforms) = preSolution
		Debug|Any CPU = Debug|Any CPU
		Release|Any CPU = Release|Any CPU
	EndGlobalSection
	GlobalSection(ProjectConfigurationPlatforms) = postSolution
		{68A453A4-92E2-418B-8FF5-B61D69FDEE17}.Debug|Any CPU.ActiveCfg = Debug|Any CPU
		{68A453A4-92E2-418B-8FF5-B61D69FDEE17}.Debug|Any CPU.Build.0 = Debug|Any CPU
		{68A453A4-92E2-418B-8FF5-B61D69FDEE17}.Release|Any CPU.ActiveCfg = Release|Any CPU
		{68A453A4-92E2-418B-8FF5-B61D69FDEE17}.Release|Any CPU.Build.0 = Release|Any CPU
	EndGlobalSection
EndGlobal
