
Microsoft Visual Studio Solution File, Format Version 12.00
Project("{FAE04EC0-301F-11D3-BF4B-00C04F79EFBC}") = "project-alfred", "project-alfred\project-alfred.csproj", "{541AFD4E-26E8-40A2-B7EB-7F2E08259133}"
EndProject
Global
	GlobalSection(SolutionConfigurationPlatforms) = preSolution
		Debug|Any CPU = Debug|Any CPU
		Release|Any CPU = Release|Any CPU
	EndGlobalSection
	GlobalSection(ProjectConfigurationPlatforms) = postSolution
		{541AFD4E-26E8-40A2-B7EB-7F2E08259133}.Debug|Any CPU.ActiveCfg = Debug|Any CPU
		{541AFD4E-26E8-40A2-B7EB-7F2E08259133}.Debug|Any CPU.Build.0 = Debug|Any CPU
		{541AFD4E-26E8-40A2-B7EB-7F2E08259133}.Release|Any CPU.ActiveCfg = Release|Any CPU
		{541AFD4E-26E8-40A2-B7EB-7F2E08259133}.Release|Any CPU.Build.0 = Release|Any CPU
	EndGlobalSection
EndGlobal
